
Microsoft Visual Studio Solution File, Format Version 12.00
# Visual Studio Version 16
VisualStudioVersion = 16.0.29503.13
MinimumVisualStudioVersion = 10.0.40219.1
Project("{FAE04EC0-301F-11D3-BF4B-00C04F79EFBC}") = "KennitalaValidator", "KennitalaValidator\KennitalaValidator.csproj", "{A6612292-87F6-42FA-B9FC-AC69812EC13E}"
EndProject
Project("{FAE04EC0-301F-11D3-BF4B-00C04F79EFBC}") = "KennitalaValidatorWindowsApplicationTesting", "KennitalaValidatorWindowsApplicationTesting\KennitalaValidatorWindowsApplicationTesting.csproj", "{668F5517-9694-4FB2-8B57-E23EA29A39F7}"
EndProject
Project("{2150E333-8FDC-42A3-9474-1A3956D46DE8}") = "Solution Items", "Solution Items", "{FC103818-FA45-436F-A1C8-6F9E91DF8A42}"
	ProjectSection(SolutionItems) = preProject
		Solution Items\GlobalAssemblyInfo.cs = Solution Items\GlobalAssemblyInfo.cs
	EndProjectSection
EndProject
Global
	GlobalSection(SolutionConfigurationPlatforms) = preSolution
		Debug|Any CPU = Debug|Any CPU
		Release|Any CPU = Release|Any CPU
	EndGlobalSection
	GlobalSection(ProjectConfigurationPlatforms) = postSolution
		{A6612292-87F6-42FA-B9FC-AC69812EC13E}.Debug|Any CPU.ActiveCfg = Debug|Any CPU
		{A6612292-87F6-42FA-B9FC-AC69812EC13E}.Debug|Any CPU.Build.0 = Debug|Any CPU
		{A6612292-87F6-42FA-B9FC-AC69812EC13E}.Release|Any CPU.ActiveCfg = Release|Any CPU
		{A6612292-87F6-42FA-B9FC-AC69812EC13E}.Release|Any CPU.Build.0 = Release|Any CPU
		{668F5517-9694-4FB2-8B57-E23EA29A39F7}.Debug|Any CPU.ActiveCfg = Debug|Any CPU
		{668F5517-9694-4FB2-8B57-E23EA29A39F7}.Debug|Any CPU.Build.0 = Debug|Any CPU
		{668F5517-9694-4FB2-8B57-E23EA29A39F7}.Release|Any CPU.ActiveCfg = Release|Any CPU
		{668F5517-9694-4FB2-8B57-E23EA29A39F7}.Release|Any CPU.Build.0 = Release|Any CPU
	EndGlobalSection
	GlobalSection(SolutionProperties) = preSolution
		HideSolutionNode = FALSE
	EndGlobalSection
	GlobalSection(ExtensibilityGlobals) = postSolution
		SolutionGuid = {44D27235-FDA8-495B-B344-32109072D487}
	EndGlobalSection
EndGlobal
